# THIS IS AN AUTOGENERATED FILE. DO NOT EDIT THIS FILE DIRECTLY.
# yarn lockfile v1


expo-crypto@^9.0.0:
  version "9.0.0"
  resolved "https://registry.yarnpkg.com/expo-crypto/-/expo-crypto-9.0.0.tgz#480c280e81291be8daf6cc55dd990d0dd167b351"
  integrity sha512-BzfopeSQFIZH4sIMTbbI+p8+c80YXjTtZPmAOM8TFhRI1B1+dZpB9vrpNx4irJIl2iw4YNNK4HgzQcxWcJ/riA==

ws@^7.4.4:
  version "7.4.4"
  resolved "https://registry.yarnpkg.com/ws/-/ws-7.4.4.tgz#383bc9742cb202292c9077ceab6f6047b17f2d59"
  integrity sha512-Qm8k8ojNQIMx7S+Zp8u/uHOx7Qazv3Yv4q68MiWWWOJhiwG5W3x7iqmRtJo8xxrciZUY4vRxUTJCKuRnF28ZZw==
